
Microsoft Visual Studio Solution File, Format Version 12.00
# Visual Studio Version 17
VisualStudioVersion = 17.13.35919.96 d17.13
MinimumVisualStudioVersion = 10.0.40219.1
Project("{FAE04EC0-301F-11D3-BF4B-00C04F79EFBC}") = "GymManagementSystem", "GymManagementSystem\GymManagementSystem.csproj", "{CD092875-D408-403C-94F4-4600AA5B1920}"
EndProject
Global
	GlobalSection(SolutionConfigurationPlatforms) = preSolution
		Debug|Any CPU = Debug|Any CPU
		Release|Any CPU = Release|Any CPU
	EndGlobalSection
	GlobalSection(ProjectConfigurationPlatforms) = postSolution
		{CD092875-D408-403C-94F4-4600AA5B1920}.Debug|Any CPU.ActiveCfg = Debug|Any CPU
		{CD092875-D408-403C-94F4-4600AA5B1920}.Debug|Any CPU.Build.0 = Debug|Any CPU
		{CD092875-D408-403C-94F4-4600AA5B1920}.Release|Any CPU.ActiveCfg = Release|Any CPU
		{CD092875-D408-403C-94F4-4600AA5B1920}.Release|Any CPU.Build.0 = Release|Any CPU
	EndGlobalSection
	GlobalSection(SolutionProperties) = preSolution
		HideSolutionNode = FALSE
	EndGlobalSection
	GlobalSection(ExtensibilityGlobals) = postSolution
		SolutionGuid = {486021E4-50BD-4ADC-99D4-1DBEC68CD5A4}
	EndGlobalSection
EndGlobal
